
Microsoft Visual Studio Solution File, Format Version 12.00
# Visual Studio Version 17
VisualStudioVersion = 17.9.34714.143
MinimumVisualStudioVersion = 10.0.40219.1
Project("{FAE04EC0-301F-11D3-BF4B-00C04F79EFBC}") = "WhoAmI", "WhoAmI\WhoAmI.csproj", "{02950DAF-2F06-403E-AAA2-DEF7469C01D7}"
EndProject
Global
	GlobalSection(SolutionConfigurationPlatforms) = preSolution
		Debug|Any CPU = Debug|Any CPU
		Release|Any CPU = Release|Any CPU
	EndGlobalSection
	GlobalSection(ProjectConfigurationPlatforms) = postSolution
		{02950DAF-2F06-403E-AAA2-DEF7469C01D7}.Debug|Any CPU.ActiveCfg = Debug|Any CPU
		{02950DAF-2F06-403E-AAA2-DEF7469C01D7}.Debug|Any CPU.Build.0 = Debug|Any CPU
		{02950DAF-2F06-403E-AAA2-DEF7469C01D7}.Debug|Any CPU.Deploy.0 = Debug|Any CPU
		{02950DAF-2F06-403E-AAA2-DEF7469C01D7}.Release|Any CPU.ActiveCfg = Release|Any CPU
		{02950DAF-2F06-403E-AAA2-DEF7469C01D7}.Release|Any CPU.Build.0 = Release|Any CPU
		{02950DAF-2F06-403E-AAA2-DEF7469C01D7}.Release|Any CPU.Deploy.0 = Release|Any CPU
	EndGlobalSection
	GlobalSection(SolutionProperties) = preSolution
		HideSolutionNode = FALSE
	EndGlobalSection
	GlobalSection(ExtensibilityGlobals) = postSolution
		SolutionGuid = {F3CB1C4D-6AFD-4286-AA25-3FD922EA662E}
	EndGlobalSection
EndGlobal
